bazil.org/fuse v0.0.0-20180421153158-65cc252bf669 h1:FNCRpXiquG1aoyqcIWVFmpTSKVcx2bQD38uZZeGtdlw=
bazil.org/fuse v0.0.0-20180421153158-65cc252bf669/go.mod h1:Xbm+BRKSBEpa4q4hTSxohYNQpsxXPbPry4JJWOB3LB8=
github.com/AndreasBriese/bbloom v0.0.0-20180913140656-343706a395b7 h1:PqzgE6kAMi81xWQA2QIVxjWkFHptGgC547vchpUbtFo=
github.com/AndreasBriese/bbloom v0.0.0-20180913140656-343706a395b7/go.mod h1:bOvUY6CB00SOBii9/FifXqc0awNKxLFCL/+pkDPuyl8=
github.com/Kubuxu/go-os-helper v0.0.0-20161003143644-3d3fc2fb493d h1:S7TIGG5VLqaIbPE2Ke6/dOEdwOuxTYv55YaQ34amI4Q=
github.com/Kubuxu/go-os-helper v0.0.0-20161003143644-3d3fc2fb493d/go.mod h1:N8B+I7vPCT80IcP58r50u4+gEEcsZETFUpAzWW2ep1Y=
github.com/Stebalien/go-bitfield v0.0.0-20180330043415-076a62f9ce6e h1:2Z+EBRrOJsA3psnUPcEWMIH2EIga1xHflQcr/EZslx8=
github.com/Stebalien/go-bitfield v0.0.0-20180330043415-076a62f9ce6e/go.mod h1:3oM7gXIttpYDAJXpVNnSCiUMYBLIZ6cb1t+Ip982MRo=
github.com/aead/siphash v1.0.1/go.mod h1:Nywa3cDsYNNK3gaciGTWPwHt0wlpNV15vwmswBAUSII=
github.com/agl/ed25519 v0.0.0-20170116200512-5312a6153412 h1:w1UutsfOrms1J05zt7ISrnJIXKzwaspym5BTKGx93EI=
github.com/agl/ed25519 v0.0.0-20170116200512-5312a6153412/go.mod h1:WPjqKcmVOxf0XSf3YxCJs6N6AOSrOx3obionmG7T0y0=
github.com/beorn7/perks v0.0.0-20180321164747-3a771d992973 h1:xJ4a3vCFaGF/jqvzLMYoU8P317H5OQ+Via4RmuPwCS0=
github.com/beorn7/perks v0.0.0-20180321164747-3a771d992973/go.mod h1:Dwedo/Wpr24TaqPxmxbtue+5NUziq4I4S80YR8gNf3Q=
github.com/bifurcation/mint v0.0.0-20181105071958-a14404e9a861 h1:x17NvoJaphEzay72TFej4OSSsgu3xRYBLkbIwdofS/4=
github.com/bifurcation/mint v0.0.0-20181105071958-a14404e9a861/go.mod h1:zVt7zX3K/aDCk9Tj+VM7YymsX66ERvzCJzw8rFCX2JU=
github.com/blang/semver v3.5.1+incompatible h1:cQNTCjp13qL8KC3Nbxr/y2Bqb63oX6wdnnjpJbkM4JQ=
github.com/blang/semver v3.5.1+incompatible/go.mod h1:kRBLl5iJ+tD4TcOOxsy/0fnwebNt5EWlYSAyrTnjyyk=
github.com/bren2010/proquint v0.0.0-20160323162903-38337c27106d h1:QgeLLoPD3kRVmeu/1al9iIpIANMi9O1zXFm8BnYGCJg=
github.com/bren2010/proquint v0.0.0-20160323162903-38337c27106d/go.mod h1:Jbj8eKecMNwf0KFI75skSUZqMB4UCRcndUScVBTWyUI=
github.com/btcsuite/btcd v0.0.0-20181130015935-7d2daa5bfef2 h1:LPHpTTuR7vj3kD7YDRZnrDnFAoj1Ov4cpiO3jN8RnW4=
github.com/btcsuite/btcd v0.0.0-20181130015935-7d2daa5bfef2/go.mod h1:Jr9bmNVGZ7TH2Ux1QuP0ec+yGgh0gE9FIlkzQiI5bR0=
github.com/btcsuite/btclog v0.0.0-20170628155309-84c8d2346e9f/go.mod h1:TdznJufoqS23FtqVCzL0ZqgP5MqXbb4fg/WgDys70nA=
github.com/btcsuite/btcutil v0.0.0-20180706230648-ab6388e0c60a/go.mod h1:+5NJ2+qvTyV9exUAL/rxXi3DcLg2Ts+ymUAY5y4NvMg=
github.com/btcsuite/go-socks v0.0.0-20170105172521-4720035b7bfd/go.mod h1:HHNXQzUsZCxOoE+CPiyCTO6x34Zs86zZUiwtpXoGdtg=
github.com/btcsuite/goleveldb v0.0.0-20160330041536-7834afc9e8cd/go.mod h1:F+uVaaLLH7j4eDXPRvw78tMflu7Ie2bzYOH4Y8rRKBY=
github.com/btcsuite/snappy-go v0.0.0-20151229074030-0bdef8d06723/go.mod h1:8woku9dyThutzjeg+3xrA5iCpBRH8XEEg3lh6TiUghc=
github.com/btcsuite/websocket v0.0.0-20150119174127-31079b680792/go.mod h1:ghJtEyQwv5/p4Mg4C0fgbePVuGr935/5ddU9Z3TmDRY=
github.com/btcsuite/winsvc v1.0.0/go.mod h1:jsenWakMcC0zFBFurPLEAyrnc/teJEM1O46fmI40EZs=
github.com/cenkalti/backoff v2.1.0+incompatible h1:FIRvWBZrzS4YC7NT5cOuZjexzFvIr+Dbi6aD1cZaNBk=
github.com/cenkalti/backoff v2.1.0+incompatible/go.mod h1:90ReRw6GdpyfrHakVjL/QHaoyV4aDUVVkXQJJJ3NXXM=
github.com/cheekybits/genny v1.0.0 h1:uGGa4nei+j20rOSeDeP5Of12XVm7TGUd4dJA9RDitfE=
github.com/cheekybits/genny v1.0.0/go.mod h1:+tQajlRqAUrPI7DOSpB0XAqZYtQakVtB7wXkRAgjxjQ=
github.com/cheggaaa/pb v1.0.25 h1:tFpebHTkI7QZx1q1rWGOKhbunhZ3fMaxTvHDWn1bH/4=
github.com/cheggaaa/pb v1.0.25/go.mod h1:pQciLPpbU0oxA0h+VJYYLxO+XeDQb5pZijXscXHm81s=
github.com/cheggaaa/pb v2.0.6+incompatible h1:sutSx+mRaNbeJUMCAtyqNWU/tQ0B/xBm+hyb1JQmQYs=
github.com/cheggaaa/pb v2.0.6+incompatible/go.mod h1:pQciLPpbU0oxA0h+VJYYLxO+XeDQb5pZijXscXHm81s=
github.com/coreos/go-semver v0.2.0 h1:3Jm3tLmsgAYcjC+4Up7hJrFBPr+n7rAqYeSw/SZazuY=
github.com/coreos/go-semver v0.2.0/go.mod h1:nnelYz7RCh+5ahJtPPxZlU+153eP4D4r3EedlOD2RNk=
github.com/davecgh/go-spew v0.0.0-20171005155431-ecdeabc65495/go.mod h1:J7Y8YcW2NihsgmVo/mv3lAwl/skON4iLHjSsI+c5H38=
github.com/davidlazar/go-crypto v0.0.0-20170701192655-dcfb0a7ac018 h1:6xT9KW8zLC5IlbaIF5Q7JNieBoACT7iW0YTxQHR0in0=
github.com/davidlazar/go-crypto v0.0.0-20170701192655-dcfb0a7ac018/go.mod h1:rQYf4tfk5sSwFsnDg3qYaBxSjsD9S8+59vW0dKUgme4=
github.com/dgraph-io/badger v1.5.4 h1:gVTrpUTbbr/T24uvoCaqY2KSHfNLVGm0w+hbee2HMeg=
github.com/dgraph-io/badger v1.5.4/go.mod h1:VZxzAIRPHRVNRKRo6AXrX9BJegn6il06VMTZVJYCIjQ=
github.com/dgraph-io/badger v1.5.5-0.20181215030126-2d7e01452d7c h1:SbajXFVuJmKz4w0uVeNgmSZ43KGxeATlCOow8WcmIrw=
github.com/dgraph-io/badger v1.5.5-0.20181215030126-2d7e01452d7c/go.mod h1:VZxzAIRPHRVNRKRo6AXrX9BJegn6il06VMTZVJYCIjQ=
github.com/dgryski/go-farm v0.0.0-20180109070241-2de33835d102 h1:afESQBXJEnj3fu+34X//E8Wg3nEbMJxJkwSc0tPePK0=
github.com/dgryski/go-farm v0.0.0-20180109070241-2de33835d102/go.mod h1:SqUrOPUnsFjfmXRMNPybcSiG0BgUW2AuFH8PAnS2iTw=
github.com/dustin/go-humanize v1.0.0 h1:VSnTsYCnlFHaM2/igO1h6X3HA71jcobQuxemgkq4zYo=
github.com/dustin/go-humanize v1.0.0/go.mod h1:HtrtbFcZ19U5GC7JDqmcUSB87Iq5E25KnS6fMYU6eOk=
github.com/elgris/jsondiff v0.0.0-20160530203242-765b5c24c302 h1:QV0ZrfBLpFc2KDk+a4LJefDczXnonRwrYrQJY/9L4dA=
github.com/elgris/jsondiff v0.0.0-20160530203242-765b5c24c302/go.mod h1:qBlWZqWeVx9BjvqBsnC/8RUlAYpIFmPvgROcw0n1scE=
github.com/facebookgo/atomicfile v0.0.0-20151019160806-2de1f203e7d5 h1:BBso6MBKW8ncyZLv37o+KNyy0HrrHgfnOaGQC2qvN+A=
github.com/facebookgo/atomicfile v0.0.0-20151019160806-2de1f203e7d5/go.mod h1:JpoxHjuQauoxiFMl1ie8Xc/7TfLuMZ5eOCONd1sUBHg=
github.com/fd/go-nat v1.0.0 h1:DPyQ97sxA9ThrWYRPcWUz/z9TnpTIGRYODIQc/dy64M=
github.com/fd/go-nat v1.0.0/go.mod h1:BTBu/CKvMmOMUPkKVef1pngt2WFH/lg7E6yQnulfp6E=
github.com/fsnotify/fsnotify v1.4.7 h1:IXs+QLmnXW2CcXuY+8Mzv/fWEsPGWxqefPtCP5CnV9I=
github.com/fsnotify/fsnotify v1.4.7/go.mod h1:jwhsz4b93w/PPRr/qN1Yymfu8t87LnFCMoQvtojpjFo=
github.com/gogo/protobuf v1.2.0 h1:xU6/SpYbvkNYiptHJYEDRseDLvYE7wSqhYYNy0QSUzI=
github.com/gogo/protobuf v1.2.0/go.mod h1:r8qH/GZQm5c6nD/R0oafs1akxWv10x8SbQlK7atdtwQ=
github.com/golang/protobuf v1.2.0 h1:P3YflyNX/ehuJFLhxviNdFxQPkGK5cDcApsge1SqnvM=
github.com/golang/protobuf v1.2.0/go.mod h1:6lQm79b+lXiMfvg/cZm0SGofjICqVBUtrP5yJMmIC1U=
github.com/golang/snappy v0.0.0-20180518054509-2e65f85255db h1:woRePGFeVFfLKN/pOkfl+p/TAqKOfFu+7KPlMVpok/w=
github.com/golang/snappy v0.0.0-20180518054509-2e65f85255db/go.mod h1:/XxbfmMg8lxefKM7IXC3fBNl/7bRcc72aCRzEWrmP2Q=
github.com/google/uuid v1.1.0 h1:Jf4mxPC/ziBnoPIdpQdPJ9OeiomAUHLvxmPRSPH9m4s=
github.com/google/uuid v1.1.0/go.mod h1:TIyPZe4MgqvfeYDBFedMoGGpEw/LqOeaOT+nhxU+yHo=
github.com/gorilla/websocket v1.4.0 h1:WDFjx/TMzVgy9VdMMQi2K2Emtwi2QcUQsztZ/zLaH/Q=
github.com/gorilla/websocket v1.4.0/go.mod h1:E7qHFY5m1UJ88s3WnNqhKjPHQ0heANvMoAMk2YaljkQ=
github.com/gxed/client_golang v0.9.0-pre1 h1:XqwyGq+ldFifr9t7pXvA2dTvTbe+9CiBt0c5iFLKZG4=
github.com/gxed/client_golang v0.9.0-pre1/go.mod h1:AVNfoj2VVJLW3odx2LKMnwYMuehaozBAVzEEOvKdDts=
github.com/gxed/go-shellwords v1.0.3 h1:2TP32H4TAklZUdz84oj95BJhVnIrRasyx2j1cqH5K38=
github.com/gxed/go-shellwords v1.0.3/go.mod h1:N7paucT91ByIjmVJHhvoarjoQnmsi3Jd3vH7VqgtMxQ=
github.com/gxed/hashland v0.0.0-20180221191214-d9f6b97f8db2 h1:neM/RzmgBKxsJ3ioEZnIQmgQQq/sn6xDqYOEYnH3RYM=
github.com/gxed/hashland v0.0.0-20180221191214-d9f6b97f8db2/go.mod h1:YUhWml1NaWLTNBl4NPptkB8MadfaIhgq+a2TRc+Mw4Q=
github.com/gxed/pubsub v0.0.0-20180201040156-26ebdf44f824 h1:TF4mX7zXpeyz/xintezebSa7ZDxAGBnqDwcoobvaz2o=
github.com/gxed/pubsub v0.0.0-20180201040156-26ebdf44f824/go.mod h1:OiEWyHgK+CWrmOlVquHaIK1vhpUJydC9m0Je6mhaiNE=
github.com/hashicorp/errwrap v1.0.0 h1:hLrqtEDnRye3+sgx6z4qVLNuviH3MR5aQ0ykNJa/UYA=
github.com/hashicorp/errwrap v1.0.0/go.mod h1:YH+1FKiLXxHSkmPseP+kNlulaMuP3n2brvKWEqk/Jc4=
github.com/hashicorp/go-multierror v1.0.0 h1:iVjPR7a6H0tWELX5NxNe7bYopibicUzc7uPribsnS6o=
github.com/hashicorp/go-multierror v1.0.0/go.mod h1:dHtQlpGsu+cZNNAkkCN/P3hoUDHhCYQXV3UM06sGGrk=
github.com/hashicorp/golang-lru v0.5.0 h1:CL2msUPvZTLb5O648aiLNJw3hnBxN2+1Jq8rCOH9wdo=
github.com/hashicorp/golang-lru v0.5.0/go.mod h1:/m3WP610KZHVQ1SGc6re/UDhFvYD7pJ4Ao+sR/qLZy8=
github.com/hsanjuan/go-libp2p-gostream v0.0.0-20181207231917-ac5c3a126b8e h1:/vrFFaCyDTeVJn8CxLCC0MPJ3CmPiCjTGZywtI0FltM=
github.com/hsanjuan/go-libp2p-gostream v0.0.0-20181207231917-ac5c3a126b8e/go.mod h1:UYhQHuYJ0UqGSHxq9WbHlDz2qjDcz+upv5KlUY/OLUg=
github.com/hsanjuan/go-libp2p-http v0.0.0-20181207233728-1075f49fd2f3 h1:MjvUQIsqY0UGHoxwnlm7wuLaNaf/wpjjWMfAUp9hE94=
github.com/hsanjuan/go-libp2p-http v0.0.0-20181207233728-1075f49fd2f3/go.mod h1:LuGDcGhleWngqrV/D6y9CwEEiuWohImgdAbf/hBtN9s=
github.com/huin/goupnp v0.0.0-20180415215157-1395d1447324 h1:PV190X5/DzQ/tbFFG5YpT5mH6q+cHlfgqI5JuRnH9oE=
github.com/huin/goupnp v0.0.0-20180415215157-1395d1447324/go.mod h1:MZ2ZmwcBpvOoJ22IJsc7va19ZwoheaBk43rKg12SKag=
github.com/ipfs/bbloom v0.0.0-20180721065414-f6503c07a6c2 h1:tYOiGgqYNMeAWnTgdf7evL1eYOxqCQqkdMBD1uFe6BQ=
github.com/ipfs/bbloom v0.0.0-20180721065414-f6503c07a6c2/go.mod h1:oqo8CVWsJFMOZqTglBG4wydCE4IQA/G2/SEofB0rjUI=
github.com/ipfs/dir-index-html v1.0.3 h1:cKdOjJBKJgewgcv97zOlqsNOle52N91d3nAkbQadnuY=
github.com/ipfs/dir-index-html v1.0.3/go.mod h1:TG9zbaH/+4MnkGel0xF4SLNhk+YZvBNo6jjBkO/LaWc=
github.com/ipfs/go-bitswap v1.1.13 h1:X0CClTmJ0Bpg31TvnPNNpBKPgd6fWZ2YAM1t7s16cSo=
github.com/ipfs/go-bitswap v1.1.13/go.mod h1:GhIQd4EvkkB/HquACLmfMpRE9wq3aE0tqfW1HIk+iAc=
github.com/ipfs/go-block-format v0.2.0 h1:CjYsFUTO8lQSC0/VGlHYBzftrdmtDkSLTLEnouJ02NA=
github.com/ipfs/go-block-format v0.2.0/go.mod h1:DK/YYcsSUIVAFNwo/KZCdIIbpN0ROH/baNLgayt4pFc=
github.com/ipfs/go-blockservice v1.1.13 h1:n4tMfIQsyhDkixsfdWK41Q9b/X9NaC2ia4D5uj9YByY=
github.com/ipfs/go-blockservice v1.1.13/go.mod h1:UcN9BEqhJxicHsyGKzRrCDTX9PE6LirDges2SoqMlsA=
github.com/ipfs/go-blockservice v1.1.14-0.20181207231807-4255e937ad7f h1:TSt14ORV7PZF9Ob9JH+oTi9Z3CdDHOoawsMugRBy/vA=
github.com/ipfs/go-blockservice v1.1.14-0.20181207231807-4255e937ad7f/go.mod h1:UcN9BEqhJxicHsyGKzRrCDTX9PE6LirDges2SoqMlsA=
github.com/ipfs/go-cid v0.9.0 h1:EdO7meRzk9MpAo8DbOmPDU3Yh2BQ4ABc0xN2wgEtREA=
github.com/ipfs/go-cid v0.9.0/go.mod h1:DEZAg7ik3SR8PY77P+hNaWtHtBirqeEgHbfmePL8WJA=
github.com/ipfs/go-cid v0.9.1-0.20181102235123-033594dcd620 h1:Oug+Z7Phkh77ILcfRMMUMF32KX2OyB7a95dwtWYtrf4=
github.com/ipfs/go-cid v0.9.1-0.20181102235123-033594dcd620/go.mod h1:DEZAg7ik3SR8PY77P+hNaWtHtBirqeEgHbfmePL8WJA=
github.com/ipfs/go-cidutil v0.1.1 h1:hV4qs5w4D7/Dz6U/bjywRttvGB31QdehbbFqiVP/bUg=
github.com/ipfs/go-cidutil v0.1.1/go.mod h1:J6nTc428THYuDBXIacPJihH6x/7+6OOs4qngUZa79n8=
github.com/ipfs/go-cidutil v0.1.2-0.20181102235650-fe89746dc953 h1:3mgsN2wfWisgbKLtTqXF1JUIspOskJi9aivZVeG+qPA=
github.com/ipfs/go-cidutil v0.1.2-0.20181102235650-fe89746dc953/go.mod h1:J6nTc428THYuDBXIacPJihH6x/7+6OOs4qngUZa79n8=
github.com/ipfs/go-datastore v2.4.1-0.20181109225543-277eeb2fded2+incompatible h1:Ef68DcnJBhXp7OscttdKwoLcESq56JdFdzyh6UeRWR8=
github.com/ipfs/go-datastore v2.4.1-0.20181109225543-277eeb2fded2+incompatible/go.mod h1:bYmHO9fuKO1Ca7dpdDBWQl0mndy5b0HFqSJjGlNYtzs=
github.com/ipfs/go-datastore v2.4.1-0.20181211213238-27c83074a61b+incompatible h1:n9qiK6uuIHI+y0yZPenHO+NgIuGgghTqHouhwU1tJ7A=
github.com/ipfs/go-datastore v2.4.1-0.20181211213238-27c83074a61b+incompatible/go.mod h1:bYmHO9fuKO1Ca7dpdDBWQl0mndy5b0HFqSJjGlNYtzs=
github.com/ipfs/go-datastore v3.2.0+incompatible h1:d9fANkqO9u1kgx6FSlZb8eZPDzD2uthVikkJAI7CUII=
github.com/ipfs/go-datastore v3.2.0+incompatible/go.mod h1:bYmHO9fuKO1Ca7dpdDBWQl0mndy5b0HFqSJjGlNYtzs=
github.com/ipfs/go-detect-race v1.0.1 h1:cWfwbM/um9XsEc2qp8cBGqcXIUg9J8NzmjgJr55AAso=
github.com/ipfs/go-detect-race v1.0.1/go.mod h1:8BNT7shDZPo99Q74BpGMK+4D8Mn4j46UU0LZ723meps=
github.com/ipfs/go-ds-badger v1.4.11-0.20181109230345-4a093545f2f6 h1:5/86tAUm6MUa62jnStw+P6/0RuPkIsULCHrFuE3Bzlw=
github.com/ipfs/go-ds-badger v1.4.11-0.20181109230345-4a093545f2f6/go.mod h1:/dJNd1t8/0sLPYPWTf/fPhcD5PuC0uUKy12FzPtidWU=
github.com/ipfs/go-ds-badger v1.7.0 h1:aWkFfvuDj3G5eook1DuTsWxDSBKLa5KHxFhZJtxEThA=
github.com/ipfs/go-ds-badger v1.7.0/go.mod h1:/dJNd1t8/0sLPYPWTf/fPhcD5PuC0uUKy12FzPtidWU=
github.com/ipfs/go-ds-flatfs v1.3.3 h1:B7a/PL4mIKBczdW2yeiWcbBtKy+XYzRJeyAEWioEgQI=
github.com/ipfs/go-ds-flatfs v1.3.3/go.mod h1:ehUroR05syOmpLfvX78ZXjNhx47RggTsvxDjsOk3Y2k=
github.com/ipfs/go-ds-leveldb v1.2.1 h1:yiVuZ8bo6E17yW5pJrUDRMQ2JlaBJK3LM6perOHZ7Gk=
github.com/ipfs/go-ds-leveldb v1.2.1/go.mod h1:NBBlpnCJRedhvmfIifT04/AQQKmQeQ7WANybc1aNFxM=
github.com/ipfs/go-ds-measure v1.4.3 h1:gA86i0JQzIY17SFNTqar6MmKk4RMwPGpcbi2whTCIjM=
github.com/ipfs/go-ds-measure v1.4.3/go.mod h1:DcRYO4ZA9gdERp2Hx+NZUOBCWvWHbmWuo+VwcB57TLY=
github.com/ipfs/go-ds-measure v1.4.4-0.20181110192506-9139d950837a h1:9rHwlvINdSrFl9xvKiTMXtuIS5Ps6RerpDiUXP5RTYk=
github.com/ipfs/go-ds-measure v1.4.4-0.20181110192506-9139d950837a/go.mod h1:DcRYO4ZA9gdERp2Hx+NZUOBCWvWHbmWuo+VwcB57TLY=
github.com/ipfs/go-fs-lock v0.1.8 h1:IAV8DqfLUTRGQIOwVaCU//Z4uXEASWn9jDBfc998uMk=
github.com/ipfs/go-fs-lock v0.1.8/go.mod h1:lTg7ODPVrwds3oTn5vHjxiANkl1gwlIDcgCZxOV+tEs=
github.com/ipfs/go-ipfs-addr v0.1.25 h1:ef6l+uLdEljAWa4+7Wiw5YHIYPIVX8P08iVJ6fTweCY=
github.com/ipfs/go-ipfs-addr v0.1.25/go.mod h1:Gu5hZ8kxPyIDoXv8edvNpIYSkRciSp7QbLUFGNxd/sQ=
github.com/ipfs/go-ipfs-blockstore v0.1.2 h1:vDK4dnJIA/QKw9Wm8BjBJFgxJpmFQQbR4JiB4x9/+48=
github.com/ipfs/go-ipfs-blockstore v0.1.2/go.mod h1:QGvjcr/8LthauaWp2R2cm8Zdo0/NJbyyKqvjYq0kIzg=
github.com/ipfs/go-ipfs-chunker v0.1.3 h1:4YbN4b8rV18YCdWKdDTXC5BHVKoVzwd+4DMrP8eYSEo=
github.com/ipfs/go-ipfs-chunker v0.1.3/go.mod h1:ye4JlZI5+zbY7bptutewaNfKYHglDCTbaphU8AFkUN0=
github.com/ipfs/go-ipfs-cmdkit v1.1.3-0.20181016115945-0262a1200120 h1:6J8NLqjE52EYcdVi5vj+KPvkETRSyBShjJ95Vu7zRwI=
github.com/ipfs/go-ipfs-cmdkit v1.1.3-0.20181016115945-0262a1200120/go.mod h1:9FtbMdUabcSqv/G4/8WCxSLxkZxn/aZEFrxxqnVcRbg=
github.com/ipfs/go-ipfs-cmdkit v1.1.3 h1:4sbEnLjYmh8gJOCUiqtKp0EIboSYTFrxftc7S+U3gK4=
github.com/ipfs/go-ipfs-cmdkit v1.1.3/go.mod h1:9FtbMdUabcSqv/G4/8WCxSLxkZxn/aZEFrxxqnVcRbg=
github.com/ipfs/go-ipfs-cmds v2.0.1+incompatible h1:EP0+YZlYTtvLADZ5cRUfohjE0Ytj+KGU+tblRIbirjI=
github.com/ipfs/go-ipfs-cmds v2.0.1+incompatible/go.mod h1:zZbPzauYvBtX/R4V+AmapNfZvXWN0lYkptkNVMrYuy4=
github.com/ipfs/go-ipfs-cmds v2.0.2-0.20181213003447-9bdd0f2e161c+incompatible h1:b5KQuYUC1eQLpKATtxVJlEfOOFucItaiqJTC31XH1Y4=
github.com/ipfs/go-ipfs-cmds v2.0.2-0.20181213003447-9bdd0f2e161c+incompatible/go.mod h1:zZbPzauYvBtX/R4V+AmapNfZvXWN0lYkptkNVMrYuy4=
github.com/ipfs/go-ipfs-cmds v2.0.2-0.20181213224301-a1f72b8e9d91+incompatible h1:jblPqAT5DmXc4wkX6h7dR+E1eW6GaYXk9zDQot4TJVQ=
github.com/ipfs/go-ipfs-cmds v2.0.2-0.20181213224301-a1f72b8e9d91+incompatible/go.mod h1:zZbPzauYvBtX/R4V+AmapNfZvXWN0lYkptkNVMrYuy4=
github.com/ipfs/go-ipfs-config v0.2.15 h1:SYr45PRbJZaFPd2GyLOCBBdXgRBN+NSX0nyHbQxSrF0=
github.com/ipfs/go-ipfs-config v0.2.15/go.mod h1:yqJG+KMcBiqX2v2EhxeTi30T0lLGZx6uY3f5B3gD4HI=
github.com/ipfs/go-ipfs-config v0.2.16-0.20181214000854-f1ee16fa41a9 h1:o39fmfA7sl4LAf6FE8xMZtLgEhui8MaghKl+tsFYJoo=
github.com/ipfs/go-ipfs-config v0.2.16-0.20181214000854-f1ee16fa41a9/go.mod h1:yqJG+KMcBiqX2v2EhxeTi30T0lLGZx6uY3f5B3gD4HI=
github.com/ipfs/go-ipfs-delay v0.0.1 h1:FEcKCHSlz1VtTlC/crSz+2kSTtrfDfXYR1e20HzF4yU=
github.com/ipfs/go-ipfs-delay v0.0.1/go.mod h1:8SP1YXK1M1kXuc4KJZINY3TQQ03J2rwBG9QfXmbRPrw=
github.com/ipfs/go-ipfs-ds-help v0.1.2 h1:6VpC1wl5SMJmOv/9jKxW0uQ4beOcms9iGm2jnhgGdt0=
github.com/ipfs/go-ipfs-ds-help v0.1.2/go.mod h1:tzcA/7jTvymDNtuKdiD+zK1Pw7ZlAhIEj4y3PozCtjg=
github.com/ipfs/go-ipfs-exchange-interface v0.1.0 h1:mfyuoB3QF9sVsg/wen6TaqTwTJCyh9jifZHfSqPtdW0=
github.com/ipfs/go-ipfs-exchange-interface v0.1.0/go.mod h1:lUh3yLAtXROH1rHqSHCIO1Uacgqsd9ky7mcCK8OXlng=
github.com/ipfs/go-ipfs-exchange-offline v0.1.3 h1:0nS+6IxQXjtgBL99gUm2C9hgWXPZLYXS8qyRsZOeTHA=
github.com/ipfs/go-ipfs-exchange-offline v0.1.3/go.mod h1:fr/1pHcKrz7qCc03ppc12uF5JUCWrXE3VZbpyOyW/QY=
github.com/ipfs/go-ipfs-files v0.0.0-20181017153249-bd692080a8c8 h1:bibinm2Ajtoji2VOVh4gITCLvS+jWLuVFEJwyc0SM84=
github.com/ipfs/go-ipfs-files v0.0.0-20181017153249-bd692080a8c8/go.mod h1:6m71fxPZM2eOasRmgz6ryrSpTkriYsggu2Cnv2cu+jA=
github.com/ipfs/go-ipfs-files v0.0.0-20181213224250-86b2cb84da86 h1:amTSjPR6Bx2sDyjKO2wZniPI9g/fpYDsRXqXCyXNhdk=
github.com/ipfs/go-ipfs-files v0.0.0-20181213224250-86b2cb84da86/go.mod h1:6m71fxPZM2eOasRmgz6ryrSpTkriYsggu2Cnv2cu+jA=
github.com/ipfs/go-ipfs-flags v0.0.1 h1:DnIP/+7whB0NrWMVesXuvaFPsbYm+NBRREigiwj8J5o=
github.com/ipfs/go-ipfs-flags v0.0.1/go.mod h1:RnXBb9WV53GSfTrSDVK61NLTFKvWc60n+K9EgCDh+rA=
github.com/ipfs/go-ipfs-posinfo v0.1.0 h1:p32JuPOv5zZiHfoJ10MjjHm8lRsdO8Dj1wst/kEMYiY=
github.com/ipfs/go-ipfs-posinfo v0.1.0/go.mod h1:NgkIveiqS5NUP4cHYl8XGhSGeGofk28QlxWtz8qwwY4=
github.com/ipfs/go-ipfs-pq v0.0.1 h1:3eFHQK6PF3nW/r63anNf0+P1LArv30Y0j2nivr7r4l0=
github.com/ipfs/go-ipfs-pq v0.0.1/go.mod h1:LWIqQpqfRG3fNc5XsnIhz/wQ2XXGyugQwls7BgUmUfY=
github.com/ipfs/go-ipfs-routing v0.1.7 h1:7qyF+O1moMrojaI1kPdvkr0TwLj7CBhEVPTrWzMoRG8=
github.com/ipfs/go-ipfs-routing v0.1.7/go.mod h1:QvmTJm8qRJ2lpd5bQ3I7zWJr1ap+zmj9ManYcedSXQk=
github.com/ipfs/go-ipfs-util v1.2.8 h1:iZ+OcHCaN2BaHU0pe9JDGVySHUUmfwqHA2pd7XxMh7A=
github.com/ipfs/go-ipfs-util v1.2.8/go.mod h1:bmXd4M1Sn0MFKptfxu9KuWvtHySyFMzkSd2rcT8Hw80=
github.com/ipfs/go-ipld-cbor v1.5.0 h1:7+ceaimBHdNdIMmE6ce44KFSoggjdV4Hz4rAEQQd3FE=
github.com/ipfs/go-ipld-cbor v1.5.0/go.mod h1:ICMsgIGi48KtdYvSIaFySCojcGWz2TkHO4Ir7TE0aas=
github.com/ipfs/go-ipld-cbor v1.5.1-0.20181203233501-cb3f4a55d301 h1:lWxZ0BdKR28aFlGByxTwrll4m4wdR2Xn4qFSt8ZUmFM=
github.com/ipfs/go-ipld-cbor v1.5.1-0.20181203233501-cb3f4a55d301/go.mod h1:ICMsgIGi48KtdYvSIaFySCojcGWz2TkHO4Ir7TE0aas=
github.com/ipfs/go-ipld-format v0.6.0 h1:2I0V8XrAtefhrw5sANIoYruFOBVea96fPmyoo7sqFnc=
github.com/ipfs/go-ipld-format v0.6.0/go.mod h1:fL+xyPpWJu+4myR3uFG3047vLHLeg/GGbWmE+9jAF4Q=
github.com/ipfs/go-ipld-format v0.6.1-0.20181109172815-a6db26417dc5 h1:RxsfgeUGmcU8J6A3LO1H0P2RI/ZL1GnMjFd7nTtevSs=
github.com/ipfs/go-ipld-format v0.6.1-0.20181109172815-a6db26417dc5/go.mod h1:fL+xyPpWJu+4myR3uFG3047vLHLeg/GGbWmE+9jAF4Q=
github.com/ipfs/go-ipld-git v0.3.0 h1:OKQ9fqBGWUTKExI8JVuGL2jdGvBcUOrDFZ0BZ7LNsVQ=
github.com/ipfs/go-ipld-git v0.3.0/go.mod h1:5rxxlQwJnuqIRrfjmyFEaxXiBec2wrV7b9IALymFSX8=
github.com/ipfs/go-ipns v0.1.13 h1:hPAT3utiboWj69xbfDMKJP16fT7cJOzEds4i5d/GI2w=
github.com/ipfs/go-ipns v0.1.13/go.mod h1:3kqhXi4a83PkQHxxr2mTQ0kSsM1McM7IKAxTM2yGPNE=
github.com/ipfs/go-libp2p v6.0.23+incompatible h1:nlBfUuJG4Oe3Hgen9kmfrFKhyZB5nDmTN4OwDEfJdxk=
github.com/ipfs/go-libp2p-peer v2.4.0+incompatible h1:TgKc9YXEH6mWNklAI3fQdnRYuKadl8CVHeaXkqEcdWI=
github.com/ipfs/go-libp2p-peer v2.4.0+incompatible/go.mod h1:I/jY4M8FbcmpR3GAdsc2p5RFBQ+potGrnCHHT/pcDAI=
github.com/ipfs/go-libp2p-pubsub v0.0.0-20160916003311-ea0332454771 h1:msl7Y4INkK1Mt+fUK84Xswq8fbhyaFsKBYQzhj/jDrI=
github.com/ipfs/go-libp2p-pubsub v0.0.0-20160916003311-ea0332454771/go.mod h1:wztk8tdKC+yOT4TmGl9PC7UuZ6AC+C80JMlNizVtIvA=
github.com/ipfs/go-log v1.5.7 h1:8ef7XW41hzAnvVNkK5009/bOA9/MFr7fhdzkfAqvolI=
github.com/ipfs/go-log v1.5.7/go.mod h1:AKYS9u+ECLT8t30brTaoVwu3f1FpGx6C0352oI1zQ0Q=
github.com/ipfs/go-merkledag v1.1.13 h1:JFfO/05XKZgopi2jdxS+rWBVnEkpWQVqru4X8em48fs=
github.com/ipfs/go-merkledag v1.1.13/go.mod h1:fa6+UFH/FMeNgJBoV+6oeo2VPUdOtnftizYr9btZ5XQ=
github.com/ipfs/go-metrics-interface v0.2.0 h1:2TXF9j+GQcYuu1HFvpx0MaFI2IaCmw5Gbxih23buCyI=
github.com/ipfs/go-metrics-interface v0.2.0/go.mod h1:6s6euYU4zowdslK0GKHmqaIZ3j/b/tL7HTWtJ4VPgWY=
github.com/ipfs/go-metrics-prometheus v0.3.9 h1:spyXsmDHRcCgtDdyPjfo1AuE5x91544sgeeo0f5N8Sw=
github.com/ipfs/go-metrics-prometheus v0.3.9/go.mod h1:xvZ/9EC1OpWepbeXiG76XSIGPel6LdJZkIILDJDkXoY=
github.com/ipfs/go-mfs v0.1.15 h1:UpnfF8zxE9Rj1uxj0UK9x+HNSC+tW6zUFU+c9lbNDkQ=
github.com/ipfs/go-mfs v0.1.15/go.mod h1:Yms5IT1yLVxPYVjU4wEQNUgvhrYx8AIF2wsgS5/LI1U=
github.com/ipfs/go-path v1.1.13 h1:XQB1bd6KhpM/3cX58k4n66rUxfmp3K4tHH9kZSPvvEk=
github.com/ipfs/go-path v1.1.13/go.mod h1:yuLWqOMtcwC/CyhItcGfUKwodTSBixVZZ5CYrWSVt04=
github.com/ipfs/go-todocounter v1.0.1 h1:YExLZ2JceUGDc0of36cNGgl0fqHvPHVpgpxHsQ2tYrg=
github.com/ipfs/go-todocounter v1.0.1/go.mod h1:l5aErvQc8qKE2r7NDMjmq5UNAvuZy0rC8BHOplkWvZ4=
github.com/ipfs/go-unixfs v1.1.15 h1:1X1EpcVQAVc8tJV7JpgS1RfQKOqhXGNaprG3qHizpBo=
github.com/ipfs/go-unixfs v1.1.15/go.mod h1:cRCGhBUrVdSOcS+XYYYLMsXwpx600dVZYGmsXReLLRA=
github.com/ipfs/go-unixfs v1.1.16-0.20181213224303-cef0e21141db h1:zlY05xrPJ5b9LNpVC8D70Ib5eddSSEcHjfqv+zlMUFM=
github.com/ipfs/go-unixfs v1.1.16-0.20181213224303-cef0e21141db/go.mod h1:cRCGhBUrVdSOcS+XYYYLMsXwpx600dVZYGmsXReLLRA=
github.com/ipfs/go-verifcid v0.0.4 h1:loovuowrl8Kuoej5gEulwkjJSkSpzooYc3ni33OPmac=
github.com/ipfs/go-verifcid v0.0.4/go.mod h1:x7/9sve4ZvTzY006bfDznxg7zhBx2S1QI2M2nZ4jrNE=
github.com/ipfs/go-verifcid v0.0.5-0.20181102235604-8909da14ac6d h1:kfr9kB/YAYBEWdQm9YeTBzaBifM9rX5+id3Q543Ns00=
github.com/ipfs/go-verifcid v0.0.5-0.20181102235604-8909da14ac6d/go.mod h1:x7/9sve4ZvTzY006bfDznxg7zhBx2S1QI2M2nZ4jrNE=
github.com/ipfs/iptb v1.3.8-0.20181112175249-5e6d8226eed0 h1:fFLeU28ujcmWbMWrQdGicP7P7Qv5XJUbch7ACOAYGak=
github.com/ipfs/iptb v1.3.8-0.20181112175249-5e6d8226eed0/go.mod h1:TK6FD7TDOLVbBC8v4/mA5hwKMrb0joIVf78yT+b4a+Y=
github.com/ipfs/iptb v1.3.20 h1:Y1jlsC97LESLsliC0neIPzMmLCH2SlzSdCVP9SZ0Vtw=
github.com/ipfs/iptb v1.3.20/go.mod h1:TK6FD7TDOLVbBC8v4/mA5hwKMrb0joIVf78yT+b4a+Y=
github.com/ipfs/iptb-plugins v0.0.0-20181214001730-b91ac6a447c7 h1:g2O6PtYLhsKY8sn1nB/IevfB+PmWTzCud2d0LyNxKRY=
github.com/ipfs/iptb-plugins v0.0.0-20181214001730-b91ac6a447c7/go.mod h1:hO6wcZ/SmTm/y3pZIqaR5LKahFdtl5JxlxNeMzASJ0g=
github.com/jackpal/gateway v1.0.4 h1:LS5EHkLuQ6jzaHwULi0vL+JO0mU/n4yUtK8oUjHHOlM=
github.com/jackpal/gateway v1.0.4/go.mod h1:lTpwd4ACLXmpyiCTRtfiNyVnUmqT9RivzCDQetPfnjA=
github.com/jackpal/go-nat-pmp v1.0.1 h1:i0LektDkO1QlrTm/cSuP+PyBCDnYvjPLGl4LdWEMiaA=
github.com/jackpal/go-nat-pmp v1.0.1/go.mod h1:QPH045xvCAeXUZOxsnwmrtiCoxIr9eob+4orBN1SBKc=
github.com/jbenet/go-context v0.0.0-20150711004518-d14ea06fba99 h1:BQSFePA1RWJOlocH6Fxy8MmwDt+yVQYULKfN0RoTN8A=
github.com/jbenet/go-context v0.0.0-20150711004518-d14ea06fba99/go.mod h1:1lJo3i6rXxKeerYnT8Nvf0QmHCRC1n8sfWVwXF2Frvo=
github.com/jbenet/go-fuse-version v0.0.0-20160322195114-6d4c97bcf253 h1:nVf0jXniDp0GrSUjZ0yBOB6dsoETmEfysb8GBVD+A7k=
github.com/jbenet/go-fuse-version v0.0.0-20160322195114-6d4c97bcf253/go.mod h1:gWtF+3u3zVe5/+I44niTEcU/KmVo2oMyLh0WhxpBT28=
github.com/jbenet/go-is-domain v0.0.0-20160119110217-ba9815c809e0 h1:qxMncUW0TzViA3REiN3/YgVOoekVtUtEY0O/j/Qlctg=
github.com/jbenet/go-is-domain v0.0.0-20160119110217-ba9815c809e0/go.mod h1:I9DYFcJAixF5f9iOu/9oC451/bq+QDTaLGznkcJPWgg=
github.com/jbenet/go-random v0.0.0-20150829044232-384f606e91f5 h1:98X7MbTQZs83KmSkhZZgm4q9HEYPORCXsMKOYbTQeKY=
github.com/jbenet/go-random v0.0.0-20150829044232-384f606e91f5/go.mod h1:sdx1xVM9UuLw1tXnhJWN3piypTUO3vCIHYmG15KE/dU=
github.com/jbenet/go-temp-err-catcher v0.0.0-20150120210811-aac704a3f4f2 h1:vhC1OXXiT9R2pczegwz6moDvuRpggaroAXhPIseh57A=
github.com/jbenet/go-temp-err-catcher v0.0.0-20150120210811-aac704a3f4f2/go.mod h1:8GXXJV31xl8whumTzdZsTt3RnUIiPqzkyf7mxToRCMs=
github.com/jbenet/goprocess v0.0.0-20160826012719-b497e2f366b8 h1:bspPhN+oKYFk5fcGNuQzp6IGzYQSenLEgH3s6jkXrWw=
github.com/jbenet/goprocess v0.0.0-20160826012719-b497e2f366b8/go.mod h1:Ly/wlsjFq/qrU3Rar62tu1gASgGw6chQbSh/XgIIXCY=
github.com/jessevdk/go-flags v0.0.0-20141203071132-1679536dcc89/go.mod h1:4FA24M0QyGHXBuZZK/XkWh8h0e1EYbRYJSGM75WSRxI=
github.com/jrick/logrotate v1.0.0/go.mod h1:LNinyqDIJnpAur+b8yyulnQw/wDuN1+BYKlTRt3OuAQ=
github.com/kkdai/bstream v0.0.0-20161212061736-f391b8402d23/go.mod h1:J+Gs4SYgM6CZQHDETBtE9HaSEkGmuNXF86RwHhHUvq4=
github.com/libp2p/go-addr-util v2.0.7+incompatible h1:Su3MLsvDzl7afq0Z99sCjQxhrjOpf/dVBIWOBur9qlY=
github.com/libp2p/go-addr-util v2.0.7+incompatible/go.mod h1:doh2auL/Rkfq1xHxDrWJGHZ8yDojPerOZoPu9XVwRB8=
github.com/libp2p/go-buffer-pool v0.1.1 h1:G2HLfT76cZIb1x6jPJ3E14um5SzHn/fea4kMgNDPOuU=
github.com/libp2p/go-buffer-pool v0.1.1/go.mod h1:xtyIz9PMobb13WaxR6Zo1Pd1zXJKYg0a8KiIvDp3TzQ=
github.com/libp2p/go-conn-security v0.1.15 h1:Ohx7vYeje1Wal+eIBUkejcaQPhVjOAZveXoFmo5pArA=
github.com/libp2p/go-conn-security v0.1.15/go.mod h1:lIqm8x2wrAxlG+6CzJ3z4Nk5/F73zdjkS6RKbHSbaJ4=
github.com/libp2p/go-conn-security-multistream v0.1.15 h1:ZpIz9u+000dcUM4+S65rUfjSmwKNFFND+MFSLH0z6oc=
github.com/libp2p/go-conn-security-multistream v0.1.15/go.mod h1:hBY3HYjGnK86P3pX3wgr9IAfe3A/vZB830LJAMi1g88=
github.com/libp2p/go-flow-metrics v0.2.0 h1:GAJSg/g+xLuc7vz0RN96pRA9q/n5b5+Hs6SndagmOR4=
github.com/libp2p/go-flow-metrics v0.2.0/go.mod h1:Iv1GH0sG8DtYN3SVJ2eG221wMiNpZxBdp967ls1g+k8=
github.com/libp2p/go-libp2p v6.0.23+incompatible h1:J/h9LNTeQwMhJeg3M96r/UOPLGxJn1vqJBb3LeKufpM=
github.com/libp2p/go-libp2p v6.0.23+incompatible/go.mod h1:CyUlFa6Mw04PkmMg8gBIlHUl8j3TrEiA6oFiF4SgD8w=
github.com/libp2p/go-libp2p-circuit v2.3.2+incompatible h1:WDJeAL9hBPsqymApE4j2UGT4ScwX75PPdJIXqz8QuMc=
github.com/libp2p/go-libp2p-circuit v2.3.2+incompatible/go.mod h1:DH3RV0Tb4cHZAdSsdNOitADXTqRiFZxJmSk7mMcCFN4=
github.com/libp2p/go-libp2p-connmgr v0.3.23 h1:ZB4yrSb4fmOWoNCTh5EO+sIjdWb17PvcxE/H8YMa8i8=
github.com/libp2p/go-libp2p-connmgr v0.3.23/go.mod h1:xfO0AkLdM32twJ1G0f43h14KBzzpytUxQoYqTUPF5gI=
github.com/libp2p/go-libp2p-crypto v2.0.1+incompatible h1:JAnZYupeAsZI5UqX50N9MWAVNO5HIfkow249YcmuvVs=
github.com/libp2p/go-libp2p-crypto v2.0.1+incompatible/go.mod h1:WHpT3tvhh7GM2INNJhQBuI6J+5z/o3QI0lTF5UVjppk=
github.com/libp2p/go-libp2p-host v3.0.15+incompatible h1:8hHOOHT6MqkjbFHUx5ocxTu+H/hllx5zi4txz0KWD0E=
github.com/libp2p/go-libp2p-host v3.0.15+incompatible/go.mod h1:iAthoepYpyqzb89f4RmqzF9+ebsWPFBTvSedSlcWupg=
github.com/libp2p/go-libp2p-interface-connmgr v0.0.21 h1:XJtqDLi860LtusR6mY2PCPGeYXmFjm7gXb+ksqwnCpI=
github.com/libp2p/go-libp2p-interface-connmgr v0.0.21/go.mod h1:2LbTwxMveREcmkOWo/s6MM7xDvSZbW8J8kYDF4Mj648=
github.com/libp2p/go-libp2p-interface-pnet v3.0.0+incompatible h1:MNYpwR4opxOJGkDdlV4Vypd7aM6mlt76fad4m4KLk4k=
github.com/libp2p/go-libp2p-interface-pnet v3.0.0+incompatible/go.mod h1:el9jHpQAXK5dnTpKA4yfCNBZXvrzdOU75zz+C6ryp3k=
github.com/libp2p/go-libp2p-kad-dht v4.4.12+incompatible h1:l5SmsvVxRTFO2+3Wg/91b5ElAQ1fZD7Z40KsWOXgZq8=
github.com/libp2p/go-libp2p-kad-dht v4.4.12+incompatible/go.mod h1:o7SLAgKvO96vfE0SrzjJfAdCbJjKRfRnbtyUIQg+rqg=
github.com/libp2p/go-libp2p-kbucket v2.2.12+incompatible h1:iiUIxaHtRg09TvMfiCqCoqQsgDEOylz3Dvjb5q/juIw=
github.com/libp2p/go-libp2p-kbucket v2.2.12+incompatible/go.mod h1:MTtm31eal94QTxVOWYTDZ6G1YOJRN2G3ESQHbaPytLk=
github.com/libp2p/go-libp2p-loggables v1.1.24 h1:Uy59Z4AK53YZaswhlKwYM9tk/KOoQijpPliyl4TuAx4=
github.com/libp2p/go-libp2p-loggables v1.1.24/go.mod h1:jcP5HmpEBcQ2w5u9xhLkCv73GBPKz3weC/s6ZWhXn+k=
github.com/libp2p/go-libp2p-metrics v2.1.7+incompatible h1:daZgPZley96uWijqkfphS+EjNgj+wkMaNZA7Ie/O0t8=
github.com/libp2p/go-libp2p-metrics v2.1.7+incompatible/go.mod h1:ko4lRyuvbgwwxD2TJvt2RHONahjJlkn6l7L/iEbJBf0=
github.com/libp2p/go-libp2p-nat v0.8.8 h1:WUu6PfYMrUmcXb8hdP5tT+hua7o5nYwRZmSm1/JGSAc=
github.com/libp2p/go-libp2p-nat v0.8.8/go.mod h1:cA6+rN+EcOAzmSL3vQ53VxX/FfOL1WGeJUvZgqjm2eQ=
github.com/libp2p/go-libp2p-net v3.0.15+incompatible h1:7GDYsyQSXpGxS4SVxBt+iw5nbDnmVJWBg1XLdrzHOlo=
github.com/libp2p/go-libp2p-net v3.0.15+incompatible/go.mod h1:8W6Wx3AZbTRTe8zSMLoAmT3mGyau+w6kGIRk+Z+MZ7Q=
github.com/libp2p/go-libp2p-netutil v0.4.12 h1:D2BDSMw7UNK2BBy3/vCmw13W0PTZY2e6eagD1P9jVoY=
github.com/libp2p/go-libp2p-netutil v0.4.12/go.mod h1:lpxjq1x/eUtPYAZAtnC7dKWjQeTuYIYz2ZIPNDDBj3g=
github.com/libp2p/go-libp2p-peer v2.4.0+incompatible h1:1THIuO/h7GuITklYS7RgGCyoVl8aP9XH4NcokcdhDZc=
github.com/libp2p/go-libp2p-peer v2.4.0+incompatible/go.mod h1:fS2eFKRO1IomwBAf+SuE8P1XOT/AAiqSgVPNIFA7Jc0=
github.com/libp2p/go-libp2p-peerstore v2.0.6+incompatible h1:Jip/IIApZv58SNgSZctjJkLJf1c/zvUgwszTa0ihZbI=
github.com/libp2p/go-libp2p-peerstore v2.0.6+incompatible/go.mod h1:lLfgn0N3z2t+ER57a88K7NTZjMO27ez5TyWSURd428E=
github.com/libp2p/go-libp2p-pnet v3.0.4+incompatible h1:+jY7/4M41k86g0E/ctEmabLdQeXGrwl+8ZxDK16Nt88=
github.com/libp2p/go-libp2p-pnet v3.0.4+incompatible/go.mod h1:S0NLmMHBDsJsTz4TC0g+5iy81d+5xrtJbrDnz6+UroU=
github.com/libp2p/go-libp2p-protocol v1.0.0 h1:6AnF76m2VjjiaDisOahQnWSnX2WWaISOXC7q9/YJIrM=
github.com/libp2p/go-libp2p-protocol v1.0.0/go.mod h1:Af9n4PiruirSDjHycM1QuiMi/1VZNHYcK8cLgFJLZ4s=
github.com/libp2p/go-libp2p-pubsub v0.10.2 h1:H8bIBByKCyVDurRBORxPXc3FoPLBoIq/a/nP61spSaU=
github.com/libp2p/go-libp2p-pubsub v0.10.2/go.mod h1:E2KoEMwM5nWtdGV+wWueN7g/j++VL9tmCfjzk1fLpWc=
github.com/libp2p/go-libp2p-pubsub v0.10.3-0.20181214073107-6fc7deb28686 h1:aMEBTNN7etoTONss/aJa+luNy8oRaxg9XowvxuIbmAE=
github.com/libp2p/go-libp2p-pubsub v0.10.3-0.20181214073107-6fc7deb28686/go.mod h1:E2KoEMwM5nWtdGV+wWueN7g/j++VL9tmCfjzk1fLpWc=
github.com/libp2p/go-libp2p-pubsub-router v0.4.14 h1:0BN5V/4MNZoZwGTGMtUGTVMSkL900ub1rfJxTLV1Kcw=
github.com/libp2p/go-libp2p-pubsub-router v0.4.14/go.mod h1:AkCh96ZKBcQxnkBnUTNVyv7W64d6YbJ0YX8WYFDozLU=
github.com/libp2p/go-libp2p-quic-transport v0.2.9 h1:9YiNGAhsVTP3ysy/gNx7PRlYMLQxL64J9Q6AqpNNrA0=
github.com/libp2p/go-libp2p-quic-transport v0.2.9/go.mod h1:K7NlcUvC/DQCjGX9nctnSCN0l/QXMTveKL48SVdvkGM=
github.com/libp2p/go-libp2p-record v4.1.7+incompatible h1:SDxar7iuh4z03b85lr8tVMSKNWWK73RLkQKyPwcxIeo=
github.com/libp2p/go-libp2p-record v4.1.7+incompatible/go.mod h1:fsxr7H89UzzL4pG23Aq2n/5aNAXxdGEbyBVepo8oXy8=
github.com/libp2p/go-libp2p-routing v2.7.1+incompatible h1:uS0k70z1Bmu6LKTofR6FhbNMBzZsS5uwHzLD3LjT3no=
github.com/libp2p/go-libp2p-routing v2.7.1+incompatible/go.mod h1:Alff8O712wWiftX462zvknNmi5RmXtLq/gATcxJ/Hq8=
github.com/libp2p/go-libp2p-routing-helpers v0.3.8 h1:dT6nz4luK2vLdNdoJlsM43GF6f1ozDR88AVTMzAopT0=
github.com/libp2p/go-libp2p-routing-helpers v0.3.8/go.mod h1:Fj6RxayAuE8Nu28uPU9oMFgSgYdQwZB2dZcMOH2A61U=
github.com/libp2p/go-libp2p-secio v2.0.17+incompatible h1:Vihojo4Vro7Nx8/b129kziQlpoC8n1MxRmc/yEaxNBw=
github.com/libp2p/go-libp2p-secio v2.0.17+incompatible/go.mod h1:U7wBlYK2sZbUiTaGe6xJd/fyNq40gwn+jBk/iEUbUrA=
github.com/libp2p/go-libp2p-swarm v3.0.22+incompatible h1:nisFdWpgwDpgZpbxtruX9yZCN2XbOiSNRhR1zcOUhcA=
github.com/libp2p/go-libp2p-swarm v3.0.22+incompatible/go.mod h1:NHa7cA4/y8OKFw3BHQjLL9pwPDFXkgECO/k+2gqSFuk=
github.com/libp2p/go-libp2p-transport v3.0.15+incompatible h1:48KfTznuB0vEPcGN+exe3Au92Q4HvcZS3YTVMZbIQhs=
github.com/libp2p/go-libp2p-transport v3.0.15+incompatible/go.mod h1:lcwgOszllbhvQXul37Kv5YbSYXPoUhRB2Z+Nr3jaBmo=
github.com/libp2p/go-libp2p-transport-upgrader v0.1.16 h1:lUvSzPZHNgjZREVVv22IU4+teU2S7ovmqrW6nf9T/YQ=
github.com/libp2p/go-libp2p-transport-upgrader v0.1.16/go.mod h1:5r+arPlxwtCEF1aVi/fTQF/ZWGSPHLxBov1DlXDevDA=
github.com/libp2p/go-maddr-filter v1.1.10 h1:wzVup6MP3FLiiMnK9A2WlIx97UIPflyjEdIBzpYBbb4=
github.com/libp2p/go-maddr-filter v1.1.10/go.mod h1:9uHkmfw086BVLQyQFAbe/peEO9Iley6dafqm3cKHIAk=
github.com/libp2p/go-mplex v0.2.30 h1:oU4Tcs/0Mftdrm3/SXKtwy2SMdLY6oYv/V/FFQYRxXM=
github.com/libp2p/go-mplex v0.2.30/go.mod h1:00WmJEYVKH/Kz6wCom3VmxX7re6B/jgSZmkydBYAZ1w=
github.com/libp2p/go-msgio v0.0.6 h1:e8n/z4Z3AP9gmOITuJVLuD9Ok0ZOvjiNDsh1AAhd4EY=
github.com/libp2p/go-msgio v0.0.6/go.mod h1:u5M7EDois/gQxdPuEfNYQks5cAu9oxUGDU3dRkGping=
github.com/libp2p/go-reuseport v0.1.18 h1:TKSaHPmImw12TLRD/9fBOIp/NAcgUjv6u3KP6XHdEJM=
github.com/libp2p/go-reuseport v0.1.18/go.mod h1:UeLFiw50cCfyDHBpU0sXBR8ul1MO/m51mXpRO/SYjCE=
github.com/libp2p/go-reuseport-transport v0.1.11 h1:PGnM8cZsdizr/g7g9vcsZgku2tb48mAEPQ4G0cLI+ZI=
github.com/libp2p/go-reuseport-transport v0.1.11/go.mod h1:twFBnjvBekr78LhW4UaBX26BfN5+0EcO7Y4KwZqDlls=
github.com/libp2p/go-sockaddr v1.0.3 h1:GAtpYcOgU1eLuqgLvm3EV1DpdJVBPraaYd5CVTAUEU8=
github.com/libp2p/go-sockaddr v1.0.3/go.mod h1:N/q858DTOi0BT81GpvIRIls1x7my5oLpbxYZnbRXVBM=
github.com/libp2p/go-stream-muxer v3.0.1+incompatible h1:w9q15DATxItvgKwr6/z+47AC/lg2itwoxu4W/uh0EgA=
github.com/libp2p/go-stream-muxer v3.0.1+incompatible/go.mod h1:bAo8x7YkSpadMTbtTaxGVHWUQsR/l5MEaHbKaliuT14=
github.com/libp2p/go-tcp-transport v2.0.16+incompatible h1:xw8BoJ47Ra17ZTn+IR3i2VkOtzRjDgP29Lpr5Y7XyTg=
github.com/libp2p/go-tcp-transport v2.0.16+incompatible/go.mod h1:K6Zi9TkPvn5m/m0bktlJ6Fv9Vna2wvr/jiCtTRC7T8o=
github.com/libp2p/go-testutil v1.2.10 h1:WvC9YIFDdUcnkY7Z82iACQHE+iJyGqxSPyvgpxIk82U=
github.com/libp2p/go-testutil v1.2.10/go.mod h1:8FHCRBHdt9BibhKebrOqVTJyW4cOZc52bfrGmw7ja+4=
github.com/libp2p/go-ws-transport v2.0.15+incompatible h1:hErErrrux0IX4kNl8QTskoBGWkMJ0KH+2o9Y63M4Iwo=
github.com/libp2p/go-ws-transport v2.0.15+incompatible/go.mod h1:qx7Dcw4onTaVNI3iG6q3XOKwNQWnXYhNEHYmhgQmKKk=
github.com/lucas-clemente/aes12 v0.0.0-20171027163421-cd47fb39b79f h1:sSeNEkJrs+0F9TUau0CgWTTNEwF23HST3Eq0A+QIx+A=
github.com/lucas-clemente/aes12 v0.0.0-20171027163421-cd47fb39b79f/go.mod h1:JpH9J1c9oX6otFSgdUHwUBUizmKlrMjxWnIAjff4m04=
github.com/lucas-clemente/quic-go v0.10.0 h1:xEF+pSHYAOcu+U10Meunf+DTtc8vhQDRqlA0BJ6hufc=
github.com/lucas-clemente/quic-go v0.10.0/go.mod h1:wuD+2XqEx8G9jtwx5ou2BEYBsE+whgQmlj0Vz/77PrY=
github.com/lucas-clemente/quic-go-certificates v0.0.0-20160823095156-d2f86524cced h1:zqEC1GJZFbGZA0tRyNZqRjep92K5fujFtFsu5ZW7Aug=
github.com/lucas-clemente/quic-go-certificates v0.0.0-20160823095156-d2f86524cced/go.mod h1:NCcRLrOTZbzhZvixZLlERbJtDtYsmMw8Jc4vS8Z0g58=
github.com/mattn/go-colorable v0.0.9 h1:UVL0vNpWh04HeJXV0KLcaT7r06gOH2l4OW6ddYRUIY4=
github.com/mattn/go-colorable v0.0.9/go.mod h1:9vuHe8Xs5qXnSaW/c/ABM9alt+Vo+STaOChaDxuIBZU=
github.com/mattn/go-isatty v0.0.4 h1:bnP0vzxcAdeI1zdubAl5PjU6zsERjGZb7raWodagDYs=
github.com/mattn/go-isatty v0.0.4/go.mod h1:M+lRXTBqGeGNdLjl/ufCoiOlB5xdOkqRJdNxMWT7Zi4=
github.com/mattn/go-runewidth v0.0.4 h1:2BvfKmzob6Bmd4YsL0zygOqfdFnK7GR4QL06Do4/p7Y=
github.com/mattn/go-runewidth v0.0.4/go.mod h1:LwmH8dsx7+W8Uxz3IHJYH5QSwggIsqBzpuz5H//U1FU=
github.com/matttproud/golang_protobuf_extensions v1.0.1 h1:4hp9jkHxhMHkqkrB3Ix0jegS5sx/RkqARlsWZ6pIwiU=
github.com/matttproud/golang_protobuf_extensions v1.0.1/go.mod h1:D8He9yQNgCq6Z5Ld7szi9bcBfOoFv/3dc6xSMkL2PC0=
github.com/mgutz/ansi v0.0.0-20170206155736-9520e82c474b h1:j7+1HpAFS1zy5+Q4qx1fWh90gTKwiN4QCGoY9TWyyO4=
github.com/mgutz/ansi v0.0.0-20170206155736-9520e82c474b/go.mod h1:01TrycV0kFyexm33Z7vhZRXopbI8J3TDReVlkTgMUxE=
github.com/miekg/dns v1.1.1 h1:DVkblRdiScEnEr0LR9nTnEQqHYycjkXW9bOjd+2EL2o=
github.com/miekg/dns v1.1.1/go.mod h1:W1PPwlIAgtquWBMBEV9nkV9Cazfe8ScdGz/Lj7v3Nrg=
github.com/minio/blake2b-simd v0.0.0-20160723061019-3f5f724cb5b1 h1:lYpkrQH5ajf0OXOcUbGjvZxxijuBwbbmlSxLiuofa+g=
github.com/minio/blake2b-simd v0.0.0-20160723061019-3f5f724cb5b1/go.mod h1:pD8RvIylQ358TN4wwqatJ8rNavkEINozVn9DtGI3dfQ=
github.com/minio/sha256-simd v0.0.0-20181005183134-51976451ce19 h1:d9VfRe71OW+ZtutCBgQ54kXBwFy5Tz5hR0OBIE6qlFo=
github.com/minio/sha256-simd v0.0.0-20181005183134-51976451ce19/go.mod h1:2FMWW+8GMoPweT6+pI63m9YE3Lmw4J71hV56Chs1E/U=
github.com/mitchellh/go-homedir v1.0.0 h1:vKb8ShqSby24Yrqr/yDYkuFz8d0WUjys40rvnGC8aR0=
github.com/mitchellh/go-homedir v1.0.0/go.mod h1:SfyaCUpYCn1Vlf4IUYiD9fPX4A5wJrkLzIz1N1q0pr0=
github.com/mr-tron/base58 v1.1.0 h1:Y51FGVJ91WBqCEabAi5OPUz38eAx8DakuAm5svLcsfQ=
github.com/mr-tron/base58 v1.1.0/go.mod h1:xcD2VGqlgYjBdcBLw+TuYLr8afG+Hj8g2eTVqeSzSU8=
github.com/multiformats/go-multiaddr v1.3.0 h1:qv23SBIX9ayNNoGuPFp26xW9cFl3gR4iRXEGFt86aRc=
github.com/multiformats/go-multiaddr v1.3.0/go.mod h1:1JAWc2R8uiQTLrCHI/lmOkXYu5B8025fQbZjq8//YgY=
github.com/multiformats/go-multiaddr-dns v0.2.5 h1:crSx6SJfKB1tHracH472jVXlMuw+JfaykVi6dNu/4ao=
github.com/multiformats/go-multiaddr-dns v0.2.5/go.mod h1:IGZKFM4G96cYgdMcUmHx5gtJxiHmvZLTQ9rdWXMKJyo=
github.com/multiformats/go-multiaddr-net v1.6.3 h1:Who/zy46KcaQjgGqT8hXEtBHnWAWHk33eqqQte+nhW8=
github.com/multiformats/go-multiaddr-net v1.6.3/go.mod h1:AO4WqKzxLt+paJ0N0kufj6teQ2R6fZbnItDvGTwilmk=
github.com/multiformats/go-multibase v0.3.0 h1:KWPXEW0HCkqUHO7XZsoo0jwephTxh9roPT5fro7q0sw=
github.com/multiformats/go-multibase v0.3.0/go.mod h1:RUrDbdRB1mQ1K/3PAh7h7+6NliRK10PA5joM8V0IYLI=
github.com/multiformats/go-multicodec v0.1.6 h1:4u6lcjbE4VVVoigU4QJSSVYsGVP4j2jtDkR8lPwOrLE=
github.com/multiformats/go-multicodec v0.1.6/go.mod h1:lliaRHbcG8q33yf4Ot9BGD7JqR/Za9HE7HTyVyKwrUQ=
github.com/multiformats/go-multihash v1.0.8 h1:pyowaBSivNxBr137ZjYkr0q4o41MKSJVPKuO7F7AAfY=
github.com/multiformats/go-multihash v1.0.8/go.mod h1:sT17phG+xVgnrZc8ht/ZoCIV0sKRwvmZkXk46UfSxM4=
github.com/multiformats/go-multistream v0.3.9 h1:ZqVaUxtVzjRUCGaO3596vk/rj9UXheIGAdKXXo/VKUA=
github.com/multiformats/go-multistream v0.3.9/go.mod h1:fJTiDfXJVmItycydCnNx4+wSzZ5NwG2FEVAI30fiovg=
github.com/opentracing/opentracing-go v1.0.2 h1:3jA2P6O1F9UOrWVpwrIo17pu01KWvNWg4X946/Y5Zwg=
github.com/opentracing/opentracing-go v1.0.2/go.mod h1:UkNAQd3GIcIGf0SeVgPpRdFStlNbqXla1AfSYxPUl2o=
github.com/pkg/errors v0.8.0 h1:WdK/asTD0HN+q6hsWO3/vpuAkAr+tw6aNJNDFFf0+qw=
github.com/pkg/errors v0.8.0/go.mod h1:bwawxfHBFNV+L2hUp1rHADufV3IMtnDRdf1r5NINEl0=
github.com/polydawn/refmt v0.0.0-20181120165158-8b1e46de349b h1:h7i+ancTfEFqDd7EfSShx9oNe5yRghMNXvLH98Sll8w=
github.com/polydawn/refmt v0.0.0-20181120165158-8b1e46de349b/go.mod h1:uIp+gprXxxrWSjjklXD+mN4wed/tMfjMMmN/9+JsA9o=
github.com/prometheus/client_golang v0.9.2 h1:awm861/B8OKDd2I/6o1dy3ra4BamzKhYOiGItCeZ740=
github.com/prometheus/client_golang v0.9.2/go.mod h1:OsXs2jCmiKlQ1lTBmv21f2mNfw4xf/QclQDMrYNZzcM=
github.com/prometheus/client_model v0.0.0-20180712105110-5c3871d89910 h1:idejC8f05m9MGOsuEi1ATq9shN03HrxNkD/luQvxCv8=
github.com/prometheus/client_model v0.0.0-20180712105110-5c3871d89910/go.mod h1:MbSGuTsp3dbXC40dX6PRTWyKYBIrTGTE9sqQNg2J8bo=
github.com/prometheus/common v0.0.0-20181126121408-4724e9255275 h1:PnBWHBf+6L0jOqq0gIVUe6Yk0/QMZ640k6NvkxcBf+8=
github.com/prometheus/common v0.0.0-20181126121408-4724e9255275/go.mod h1:daVV7qP5qjZbuso7PdcryaAu0sAZbrN9i7WWcTMWvro=
github.com/prometheus/procfs v0.0.0-20181204211112-1dc9a6cbc91a h1:9a8MnZMP0X2nLJdBg+pBmGgkJlSaKC2KaQmTCk1XDtE=
github.com/prometheus/procfs v0.0.0-20181204211112-1dc9a6cbc91a/go.mod h1:c3At6R/oaqEKCNdg8wHV1ftS6bRYblBhIjjI8uT2IGk=
github.com/rs/cors v1.6.0 h1:G9tHG9lebljV9mfp9SNPDL36nCDxmo3zTlAf1YgvzmI=
github.com/rs/cors v1.6.0/go.mod h1:gFx+x8UowdsKA9AchylcLynDq+nNFfI8FkUZdN/jGCU=
github.com/spaolacci/murmur3 v0.0.0-20180118202830-f09979ecbc72 h1:qLC7fQah7D6K1B0ujays3HV9gkFtllcxhzImRR7ArPQ=
github.com/spaolacci/murmur3 v0.0.0-20180118202830-f09979ecbc72/go.mod h1:JwIasOWyU6f++ZhiEuf87xNszmSA2myDM2Kzu9HwQUA=
github.com/syndtr/goleveldb v0.0.0-20181128100959-b001fa50d6b2 h1:GnOzE5fEFN3b2zDhJJABEofdb51uMRNb8eqIVtdducs=
github.com/syndtr/goleveldb v0.0.0-20181128100959-b001fa50d6b2/go.mod h1:Z4AUp2Km+PwemOoO/VB5AOx9XSsIItzFjoJlOSiYmn0=
github.com/texttheater/golang-levenshtein v0.0.0-20180516184445-d188e65d659e h1:T5PdfK/M1xyrHwynxMIVMWLS7f/qHwfslZphxtGnw7s=
github.com/texttheater/golang-levenshtein v0.0.0-20180516184445-d188e65d659e/go.mod h1:XDKHRm5ThF8YJjx001LtgelzsoaEcvnA7lVWz9EeX3g=
github.com/urfave/cli v1.20.0 h1:fDqGv3UG/4jbVl/QkFwEdddtEDjh/5Ov6X+0B/3bPaw=
github.com/urfave/cli v1.20.0/go.mod h1:70zkFmudgCuE/ngEzBv17Jvp/497gISqfk5gWijbERA=
github.com/whyrusleeping/base32 v0.0.0-20170828182744-c30ac30633cc h1:BCPnHtcboadS0DvysUuJXZ4lWVv5Bh5i7+tbIyi+ck4=
github.com/whyrusleeping/base32 v0.0.0-20170828182744-c30ac30633cc/go.mod h1:r45hJU7yEoA81k6MWNhpMj/kms0n14dkzkxYHoB96UM=
github.com/whyrusleeping/cbor v0.0.0-20171005072247-63513f603b11 h1:5HZfQkwe0mIfyDmc1Em5GqlNRzcdtlv4HTNmdpt7XH0=
github.com/whyrusleeping/cbor v0.0.0-20171005072247-63513f603b11/go.mod h1:Wlo/SzPmxVp6vXpGt/zaXhHH0fn4IxgqZc82aKg6bpQ=
github.com/whyrusleeping/chunker v0.0.0-20181014151217-fe64bd25879f h1:jQa4QT2UP9WYv2nzyawpKMOCl+Z/jW7djv2/J50lj9E=
github.com/whyrusleeping/chunker v0.0.0-20181014151217-fe64bd25879f/go.mod h1:p9UJB6dDgdPgMJZs7UjUOdulKyRr9fqkS+6JKAInPy8=
github.com/whyrusleeping/go-ctrlnet v0.0.0-20180313164037-f564fbbdaa95 h1:c23eYhe7i8MG6dUSPzyIDDy5+cWOoZMovPamBKqrjYQ=
github.com/whyrusleeping/go-ctrlnet v0.0.0-20180313164037-f564fbbdaa95/go.mod h1:SJqKCCPXRfBFCwXjfNT/skfsceF7+MBFLI2OrvuRA7g=
github.com/whyrusleeping/go-keyspace v0.0.0-20160322163242-5b898ac5add1 h1:EKhdznlJHPMoKr0XTrX+IlJs1LH3lyx2nfr1dOlZ79k=
github.com/whyrusleeping/go-keyspace v0.0.0-20160322163242-5b898ac5add1/go.mod h1:8UvriyWtv5Q5EOgjHaSseUEdkQfvwFv1I/In/O2M9gc=
github.com/whyrusleeping/go-libp2p-pubsub v0.0.0-20160422011506-e44babf62e59 h1:2tuSQZl1JyevQuUFPchjAq80k1EumcVX9zT8rP/gLFU=
github.com/whyrusleeping/go-libp2p-pubsub v0.0.0-20160422011506-e44babf62e59/go.mod h1:9gdo3XM1DO9lDl233ys3TSmEFaojryenPH/XxJ4wdSE=
github.com/whyrusleeping/go-libp2p-pubsub v0.0.0-20160726125916-beff56c4cc61 h1:FnJ4QTCkzdXgu4hLfdcQ1Y4O9sn8ur38aXZAEJIVMmE=
github.com/whyrusleeping/go-libp2p-pubsub v0.0.0-20160726125916-beff56c4cc61/go.mod h1:9gdo3XM1DO9lDl233ys3TSmEFaojryenPH/XxJ4wdSE=
github.com/whyrusleeping/go-logging v0.0.0-20170515211332-0457bb6b88fc h1:9lDbC6Rz4bwmou+oE6Dt4Cb2BGMur5eR/GYptkKUVHo=
github.com/whyrusleeping/go-logging v0.0.0-20170515211332-0457bb6b88fc/go.mod h1:bopw91TMyo8J3tvftk8xmU2kPmlrt4nScJQZU2hE5EM=
github.com/whyrusleeping/go-notifier v0.0.0-20170827234753-097c5d47330f h1:M/lL30eFZTKnomXY6huvM6G0+gVquFNf6mxghaWlFUg=
github.com/whyrusleeping/go-notifier v0.0.0-20170827234753-097c5d47330f/go.mod h1:cZNvX9cFybI01GriPRMXDtczuvUhgbcYr9iCGaNlRv8=
github.com/whyrusleeping/go-smux-multiplex v3.0.16+incompatible h1:iqksILj8STw03EJQe7Laj4ubnw+ojOyik18cd5vPL1o=
github.com/whyrusleeping/go-smux-multiplex v3.0.16+incompatible/go.mod h1:34LEDbeKFZInPUrAG+bjuJmUXONGdEFW7XL0SpTY1y4=
github.com/whyrusleeping/go-smux-multistream v2.0.2+incompatible h1:BdYHctE9HJZLquG9tpTdwWcbG4FaX6tVKPGjCGgiVxo=
github.com/whyrusleeping/go-smux-multistream v2.0.2+incompatible/go.mod h1:dRWHHvc4HDQSHh9gbKEBbUZ+f2Q8iZTPG3UOGYODxSQ=
github.com/whyrusleeping/go-smux-yamux v2.0.8+incompatible h1:IGm/UP/JpEFS6D787sZnZg7RA6fZIR9c/Ms9DeAVNuk=
github.com/whyrusleeping/go-smux-yamux v2.0.8+incompatible/go.mod h1:6qHUzBXUbB9MXmw3AUdB52L8sEb/hScCqOdW2kj/wuI=
github.com/whyrusleeping/go-sysinfo v0.0.0-20160322193845-dee6add16c7d h1:iT/UcUYTJNqFnRZRjp0ghwH+fQXZmSeEwE6bxwkyRa4=
github.com/whyrusleeping/go-sysinfo v0.0.0-20160322193845-dee6add16c7d/go.mod h1:tKH72zYNt/exx6/5IQO6L9LoQ0rEjd5SbbWaDTs9Zso=
github.com/whyrusleeping/mafmt v1.2.8 h1:TCghSl5kkwEE0j+sU/gudyhVMRlpBin8fMBBHg59EbA=
github.com/whyrusleeping/mafmt v1.2.8/go.mod h1:faQJFPbLSxzD9xpA02ttW/tS9vZykNvXwGvqIpk20FA=
github.com/whyrusleeping/mdns v0.0.0-20180901202407-ef14215e6b30 h1:nMCC9Pwz1pxfC1Y6mYncdk+kq8d5aLx0Q+/gyZGE44M=
github.com/whyrusleeping/mdns v0.0.0-20180901202407-ef14215e6b30/go.mod h1:j4l84WPFclQPj320J9gp0XwNKBb3U0zt5CBqjPp22G4=
github.com/whyrusleeping/multiaddr-filter v0.0.0-20160516205228-e903e4adabd7 h1:E9S12nwJwEOXe2d6gT6qxdvqMnNq+VnSsKPgm2ZZNds=
github.com/whyrusleeping/multiaddr-filter v0.0.0-20160516205228-e903e4adabd7/go.mod h1:X2c0RVCI1eSUFI8eLcY3c0423ykwiUdxLJtkDvruhjI=
github.com/whyrusleeping/stump v0.0.0-20160611222256-206f8f13aae1 h1:57Pu2W5KJQ3qRtqKYqOS4GQtkwxGH4ppL4mLWaPnfZU=
github.com/whyrusleeping/stump v0.0.0-20160611222256-206f8f13aae1/go.mod h1:Qv7QS+Xqv+q5lhOfseae0ZWF0wliLmab2hmikKoLhgE=
github.com/whyrusleeping/tar-utils v0.0.0-20180509141711-8c6c8ba81d5c h1:GGsyl0dZ2jJgVT+VvWBf/cNijrHRhkrTjkmp5wg7li0=
github.com/whyrusleeping/tar-utils v0.0.0-20180509141711-8c6c8ba81d5c/go.mod h1:xxcJeBb7SIUl/Wzkz1eVKJE/CB34YNrqX2TQI6jY9zs=
github.com/whyrusleeping/timecache v0.0.0-20160911033111-cfcb2f1abfee h1:lYbXeSvJi5zk5GLKVuid9TVjS9a0OmLIDKTfoZBL6Ow=
github.com/whyrusleeping/timecache v0.0.0-20160911033111-cfcb2f1abfee/go.mod h1:m2aV4LZI4Aez7dP5PMyVKEHhUyEJ/RjmPEDOpDvudHg=
github.com/whyrusleeping/yamux v1.1.2 h1:oGpjhLpa0mZnRMbthCkEe+61VvkQGFSkQgm9WvaHgRU=
github.com/whyrusleeping/yamux v1.1.2/go.mod h1:E8LnQQ8HKx5KD29HZFUwM1PxCOdPRzGwur1mcYhXcD8=
go4.org v0.0.0-20181109185143-00e24f1b2599 h1:4WHwK0SeICTm4UREYCO3QAhYgBLbRJKNwoUsFp8nk9o=
go4.org v0.0.0-20181109185143-00e24f1b2599/go.mod h1:MkTOUMDaeVYJUOUsaDXIhWPZYa1yOyC1qaOBpL57BhE=
golang.org/x/crypto v0.0.0-20170930174604-9419663f5a44/go.mod h1:6SG95UA2DQfeDnfUPMdvaQW0Q7yPrPDi9nlGo2tz2b4=
golang.org/x/crypto v0.0.0-20181203042331-505ab145d0a9 h1:mKdxBk7AujPs8kU4m80U72y/zjbZ3UcXC7dClwKbUI0=
golang.org/x/crypto v0.0.0-20181203042331-505ab145d0a9/go.mod h1:6SG95UA2DQfeDnfUPMdvaQW0Q7yPrPDi9nlGo2tz2b4=
golang.org/x/net v0.0.0-20180524181706-dfa909b99c79/go.mod h1:mL1N/T3taQHkDXs73rZJwtUhF3w3ftmwwsq0BUmARs4=
golang.org/x/net v0.0.0-20181201002055-351d144fa1fc h1:a3CU5tJYVj92DY2LaA1kUkrsqD5/3mLDhx2NcNqyW+0=
golang.org/x/net v0.0.0-20181201002055-351d144fa1fc/go.mod h1:mL1N/T3taQHkDXs73rZJwtUhF3w3ftmwwsq0BUmARs4=
golang.org/x/sync v0.0.0-20181108010431-42b317875d0f/go.mod h1:RxMgew5VJxzue5/jJTE5uejpjVlOe/izrB70Jof72aM=
golang.org/x/sys v0.0.0-20181213200352-4d1cda033e06 h1:0oC8rFnE+74kEmuHZ46F6KHsMr5Gx2gUQPuNz28iQZM=
golang.org/x/sys v0.0.0-20181213200352-4d1cda033e06/go.mod h1:STP8DvDyc/dI5b8T5hshtkjS+E42TnysNCUPdjciGhY=
golang.org/x/text v0.3.0 h1:g61tztE5qeGQ89tm6NTjjM9VPIm088od1l6aSorWRWg=
golang.org/x/text v0.3.0/go.mod h1:NqM8EUOU14njkJ3fqMW+pc6Ldnwhi/IjpwHt7yyuwOQ=
gopkg.in/VividCortex/ewma.v1 v1.1.1 h1:tWHEKkKq802K/JT9RiqGCBU5fW3raAPnJGTE9ostZvg=
gopkg.in/VividCortex/ewma.v1 v1.1.1/go.mod h1:TekXuFipeiHWiAlO1+wSS23vTcyFau5u3rxXUSXj710=
gopkg.in/cheggaaa/pb.v2 v2.0.6 h1:L2KAo2l2ZQTzxmh8b9RdQpzgLpK2mX3paGCMJSUugBk=
gopkg.in/cheggaaa/pb.v2 v2.0.6/go.mod h1:0CiZ1p8pvtxBlQpLXkHuUTpdJ1shm3OqCF1QugkjHL4=
gopkg.in/fatih/color.v1 v1.7.0 h1:bYGjb+HezBM6j/QmgBfgm1adxHpzzrss6bj4r9ROppk=
gopkg.in/fatih/color.v1 v1.7.0/go.mod h1:P7yosIhqIl/sX8J8UypY5M+dDpD2KmyfP5IRs5v/fo0=
gopkg.in/mattn/go-colorable.v0 v0.0.9 h1:hdmPK5LuJJJH1MRy2o35WJEtn2BlFmHOZEqMqlRCwdM=
gopkg.in/mattn/go-colorable.v0 v0.0.9/go.mod h1:BVJlBXzARQxdi3nZo6f6bnl5yR20/tOL6p+V0KejgSY=
gopkg.in/mattn/go-isatty.v0 v0.0.4 h1:NtS1rQGQr4IaFWBGz4Cz4BhB///gyys4gDVtKA7hIsc=
gopkg.in/mattn/go-isatty.v0 v0.0.4/go.mod h1:wt691ab7g0X4ilKZNmMII3egK0bTxl37fEn/Fwbd8gc=
gopkg.in/mattn/go-runewidth.v0 v0.0.4 h1:r0P71TnzQDlNIcizCqvPSSANoFa3WVGtcNJf3TWurcY=
gopkg.in/mattn/go-runewidth.v0 v0.0.4/go.mod h1:BmXejnxvhwdaATwiJbB1vZ2dtXkQKZGu9yLFCZb4msQ=
