{
  "lockfile-version": 1,
  "manifest": {
    "version": 1,
    "install": {
      "go": {
        "pkg-path": "go",
        "version": "^1.24"
      }
    },
    "hook": {
      "on-activate": "  # Autogenerated by Flox\n\n  # Point GOENV to Flox environment cache\n  export GOENV=\"$FLOX_ENV_CACHE/goenv\"\n\n  # Install Go dependencies\n  go get .\n\n  # End autogenerated by Flox\n"
    },
    "profile": {},
    "options": {
      "systems": [
        "aarch64-darwin",
        "aarch64-linux",
        "x86_64-darwin",
        "x86_64-linux"
      ],
      "allow": {
        "licenses": []
      },
      "semver": {}
    }
  },
  "packages": [
    {
      "attr_path": "go",
      "broken": false,
      "derivation": "/nix/store/3m81p42iv5k7hsh4ddwmgfl4bvk5c0cz-go-1.24.1.drv",
      "description": "Go Programming language",
      "install_id": "go",
      "license": "BSD-3-Clause",
      "locked_url": "https://github.com/flox/nixpkgs?rev=a84ebe20c6bc2ecbcfb000a50776219f48d134cc",
      "name": "go-1.24.1",
      "pname": "go",
      "rev": "a84ebe20c6bc2ecbcfb000a50776219f48d134cc",
      "rev_count": 770807,
      "rev_date": "2025-03-19T22:12:44Z",
      "scrape_date": "2025-03-22T01:09:07.268762Z",
      "stabilities": [
        "unstable"
      ],
      "unfree": false,
      "version": "1.24.1",
      "outputs_to_install": [
        "out"
      ],
      "outputs": {
        "out": "/nix/store/ja4jxx60lh1qfqfl4z4p2rff56ia1c3c-go-1.24.1"
      },
      "system": "aarch64-darwin",
      "group": "toplevel",
      "priority": 5
    },
    {
      "attr_path": "go",
      "broken": false,
      "derivation": "/nix/store/0id8swmh8ilp0ivgpxb7qzp35mqn9rb9-go-1.24.1.drv",
      "description": "Go Programming language",
      "install_id": "go",
      "license": "BSD-3-Clause",
      "locked_url": "https://github.com/flox/nixpkgs?rev=a84ebe20c6bc2ecbcfb000a50776219f48d134cc",
      "name": "go-1.24.1",
      "pname": "go",
      "rev": "a84ebe20c6bc2ecbcfb000a50776219f48d134cc",
      "rev_count": 770807,
      "rev_date": "2025-03-19T22:12:44Z",
      "scrape_date": "2025-03-22T01:25:55.714961Z",
      "stabilities": [
        "unstable"
      ],
      "unfree": false,
      "version": "1.24.1",
      "outputs_to_install": [
        "out"
      ],
      "outputs": {
        "out": "/nix/store/8ply43gnxk1xwichr81mpgbjcd9a1y5w-go-1.24.1"
      },
      "system": "aarch64-linux",
      "group": "toplevel",
      "priority": 5
    },
    {
      "attr_path": "go",
      "broken": false,
      "derivation": "/nix/store/mrf18v48xzv6kq8ydpg9wa4zzvhpk6q3-go-1.24.1.drv",
      "description": "Go Programming language",
      "install_id": "go",
      "license": "BSD-3-Clause",
      "locked_url": "https://github.com/flox/nixpkgs?rev=a84ebe20c6bc2ecbcfb000a50776219f48d134cc",
      "name": "go-1.24.1",
      "pname": "go",
      "rev": "a84ebe20c6bc2ecbcfb000a50776219f48d134cc",
      "rev_count": 770807,
      "rev_date": "2025-03-19T22:12:44Z",
      "scrape_date": "2025-03-22T01:41:11.744336Z",
      "stabilities": [
        "unstable"
      ],
      "unfree": false,
      "version": "1.24.1",
      "outputs_to_install": [
        "out"
      ],
      "outputs": {
        "out": "/nix/store/87yxrfx5lh78bdz393i33cr5z23x06q4-go-1.24.1"
      },
      "system": "x86_64-darwin",
      "group": "toplevel",
      "priority": 5
    },
    {
      "attr_path": "go",
      "broken": false,
      "derivation": "/nix/store/d9678q90mwgfn00ygr1xfgxhg8pfz1y5-go-1.24.1.drv",
      "description": "Go Programming language",
      "install_id": "go",
      "license": "BSD-3-Clause",
      "locked_url": "https://github.com/flox/nixpkgs?rev=a84ebe20c6bc2ecbcfb000a50776219f48d134cc",
      "name": "go-1.24.1",
      "pname": "go",
      "rev": "a84ebe20c6bc2ecbcfb000a50776219f48d134cc",
      "rev_count": 770807,
      "rev_date": "2025-03-19T22:12:44Z",
      "scrape_date": "2025-03-22T01:59:12.832128Z",
      "stabilities": [
        "unstable"
      ],
      "unfree": false,
      "version": "1.24.1",
      "outputs_to_install": [
        "out"
      ],
      "outputs": {
        "out": "/nix/store/cfjhl0kn7xc65466pha9fkrvigw3g72n-go-1.24.1"
      },
      "system": "x86_64-linux",
      "group": "toplevel",
      "priority": 5
    }
  ]
}